
Microsoft Visual Studio Solution File, Format Version 12.00
# Visual Studio Version 18
VisualStudioVersion = 18.2.11415.280
MinimumVisualStudioVersion = 10.0.40219.1
Project("{2150E333-8FDC-42A3-9474-1A3956D46DE8}") = "Solution Items", "Solution Items", "{8EC462FD-D22E-90A8-E5CE-7E832BA40C5D}"
	ProjectSection(SolutionItems) = preProject
		Directory.Build.props = Directory.Build.props
		Directory.Packages.props = Directory.Packages.props
		nuget.config = nuget.config
	EndProjectSection
EndProject
Project("{FAE04EC0-301F-11D3-BF4B-00C04F79EFBC}") = "Devart.AI.McpServer", "Devart.AI.McpServer\Devart.AI.McpServer.csproj", "{51478E82-3D60-4659-BAB7-73D1E4254A2A}"
EndProject
Project("{FAE04EC0-301F-11D3-BF4B-00C04F79EFBC}") = "Devart.AI.McpServer.AdoNet", "Devart.AI.McpServer.AdoNet\Devart.AI.McpServer.AdoNet\Devart.AI.McpServer.AdoNet.csproj", "{18953FB3-0CB3-4959-9028-6EE90DA7B2D4}"
EndProject
Project("{FAE04EC0-301F-11D3-BF4B-00C04F79EFBC}") = "Devart.AI.McpServer.AdoNet.Sqlite", "Devart.AI.McpServer.AdoNet\Devart.AI.McpServer.AdoNet.Sqlite\Devart.AI.McpServer.AdoNet.Sqlite.csproj", "{22A28777-E675-4B17-8D96-2093C313E67D}"
EndProject
Global
	GlobalSection(SolutionConfigurationPlatforms) = preSolution
		DebugSqlite|Any CPU = DebugSqlite|Any CPU
		DebugSqlite|x86 = DebugSqlite|x86
		ReleaseSqlite|Any CPU = ReleaseSqlite|Any CPU
		ReleaseSqlite|x86 = ReleaseSqlite|x86
	EndGlobalSection
	GlobalSection(ProjectConfigurationPlatforms) = postSolution
		{51478E82-3D60-4659-BAB7-73D1E4254A2A}.DebugSqlite|Any CPU.ActiveCfg = Debug|Any CPU
		{51478E82-3D60-4659-BAB7-73D1E4254A2A}.DebugSqlite|Any CPU.Build.0 = Debug|Any CPU
		{51478E82-3D60-4659-BAB7-73D1E4254A2A}.DebugSqlite|x86.ActiveCfg = Debug|x86
		{51478E82-3D60-4659-BAB7-73D1E4254A2A}.DebugSqlite|x86.Build.0 = Debug|x86
		{51478E82-3D60-4659-BAB7-73D1E4254A2A}.ReleaseSqlite|Any CPU.ActiveCfg = Release|Any CPU
		{51478E82-3D60-4659-BAB7-73D1E4254A2A}.ReleaseSqlite|Any CPU.Build.0 = Release|Any CPU
		{51478E82-3D60-4659-BAB7-73D1E4254A2A}.ReleaseSqlite|x86.ActiveCfg = Release|x86
		{51478E82-3D60-4659-BAB7-73D1E4254A2A}.ReleaseSqlite|x86.Build.0 = Release|x86
		{18953FB3-0CB3-4959-9028-6EE90DA7B2D4}.DebugSqlite|Any CPU.ActiveCfg = Debug|Any CPU
		{18953FB3-0CB3-4959-9028-6EE90DA7B2D4}.DebugSqlite|Any CPU.Build.0 = Debug|Any CPU
		{18953FB3-0CB3-4959-9028-6EE90DA7B2D4}.DebugSqlite|x86.ActiveCfg = Debug|x86
		{18953FB3-0CB3-4959-9028-6EE90DA7B2D4}.DebugSqlite|x86.Build.0 = Debug|x86
		{18953FB3-0CB3-4959-9028-6EE90DA7B2D4}.ReleaseSqlite|Any CPU.ActiveCfg = Release|Any CPU
		{18953FB3-0CB3-4959-9028-6EE90DA7B2D4}.ReleaseSqlite|Any CPU.Build.0 = Release|Any CPU
		{18953FB3-0CB3-4959-9028-6EE90DA7B2D4}.ReleaseSqlite|x86.ActiveCfg = Release|x86
		{18953FB3-0CB3-4959-9028-6EE90DA7B2D4}.ReleaseSqlite|x86.Build.0 = Release|x86
		{22A28777-E675-4B17-8D96-2093C313E67D}.DebugSqlite|Any CPU.ActiveCfg = DebugSqlite|Any CPU
		{22A28777-E675-4B17-8D96-2093C313E67D}.DebugSqlite|Any CPU.Build.0 = DebugSqlite|Any CPU
		{22A28777-E675-4B17-8D96-2093C313E67D}.DebugSqlite|x86.ActiveCfg = DebugSqlite|x86
		{22A28777-E675-4B17-8D96-2093C313E67D}.DebugSqlite|x86.Build.0 = DebugSqlite|x86
		{22A28777-E675-4B17-8D96-2093C313E67D}.ReleaseSqlite|Any CPU.ActiveCfg = ReleaseSqlite|Any CPU
		{22A28777-E675-4B17-8D96-2093C313E67D}.ReleaseSqlite|Any CPU.Build.0 = ReleaseSqlite|Any CPU
		{22A28777-E675-4B17-8D96-2093C313E67D}.ReleaseSqlite|x86.ActiveCfg = ReleaseSqlite|x86
		{22A28777-E675-4B17-8D96-2093C313E67D}.ReleaseSqlite|x86.Build.0 = ReleaseSqlite|x86
	EndGlobalSection
	GlobalSection(SolutionProperties) = preSolution
		HideSolutionNode = FALSE
	EndGlobalSection
	GlobalSection(ExtensibilityGlobals) = postSolution
		SolutionGuid = {456EC27D-1D60-470B-A266-44E164F5B06E}
	EndGlobalSection
	GlobalSection(SharedMSBuildProjectFiles) = preSolution
		Version\Version.projitems*{18953fb3-0cb3-4959-9028-6ee90da7b2d4}*SharedItemsImports = 5
		Version\Version.projitems*{51478e82-3d60-4659-bab7-73d1e4254a2a}*SharedItemsImports = 5
	EndGlobalSection
EndGlobal
